
Microsoft Visual Studio Solution File, Format Version 12.00
# Visual Studio Version 17
VisualStudioVersion = 17.0.32014.148
MinimumVisualStudioVersion = 10.0.40219.1
Project("{9A19103F-16F7-4668-BE54-9A1E7A4F7556}") = "Our.Umbraco.DocTypeGridEditor", "Our.Umbraco.DocTypeGridEditor\Our.Umbraco.DocTypeGridEditor.csproj", "{D4318AFD-033C-46FC-9DD2-9FC57934CD2F}"
EndProject
Project("{2150E333-8FDC-42A3-9474-1A3956D46DE8}") = "Solution Items", "Solution Items", "{4933D56D-BD6F-4C2D-A9CF-40B90148E933}"
	ProjectSection(SolutionItems) = preProject
		..\CHANGELOG.md = ..\CHANGELOG.md
		..\CONTRIBUTING.md = ..\CONTRIBUTING.md
		..\FUNDING.yml = ..\FUNDING.yml
		..\README.md = ..\README.md
	EndProjectSection
EndProject
Project("{2150E333-8FDC-42A3-9474-1A3956D46DE8}") = "docs", "docs", "{8E6B61BE-CD4E-4C09-B386-81AF21ABE55D}"
	ProjectSection(SolutionItems) = preProject
		..\docs\developers-guide-v1.md = ..\docs\developers-guide-v1.md
		..\docs\developers-guide-v2.md = ..\docs\developers-guide-v2.md
		..\docs\README.md = ..\docs\README.md
	EndProjectSection
EndProject
Global
	GlobalSection(SolutionConfigurationPlatforms) = preSolution
		Debug|Any CPU = Debug|Any CPU
		Release|Any CPU = Release|Any CPU
	EndGlobalSection
	GlobalSection(ProjectConfigurationPlatforms) = postSolution
		{D4318AFD-033C-46FC-9DD2-9FC57934CD2F}.Debug|Any CPU.ActiveCfg = Debug|Any CPU
		{D4318AFD-033C-46FC-9DD2-9FC57934CD2F}.Debug|Any CPU.Build.0 = Debug|Any CPU
		{D4318AFD-033C-46FC-9DD2-9FC57934CD2F}.Release|Any CPU.ActiveCfg = Release|Any CPU
		{D4318AFD-033C-46FC-9DD2-9FC57934CD2F}.Release|Any CPU.Build.0 = Release|Any CPU
	EndGlobalSection
	GlobalSection(SolutionProperties) = preSolution
		HideSolutionNode = FALSE
	EndGlobalSection
	GlobalSection(NestedProjects) = preSolution
		{8E6B61BE-CD4E-4C09-B386-81AF21ABE55D} = {4933D56D-BD6F-4C2D-A9CF-40B90148E933}
	EndGlobalSection
	GlobalSection(ExtensibilityGlobals) = postSolution
		SolutionGuid = {66EC167C-845A-4DCC-87B7-C7DB5CC1E38B}
	EndGlobalSection
EndGlobal
