
Microsoft Visual Studio Solution File, Format Version 12.00
# Visual Studio Version 16
VisualStudioVersion = 16.0.30711.63
MinimumVisualStudioVersion = 10.0.40219.1
Project("{9A19103F-16F7-4668-BE54-9A1E7A4F7556}") = "Our.Umbraco.DocTypeGridEditor9", "Our.Umbraco.DocTypeGridEditor9\Our.Umbraco.DocTypeGridEditor9.csproj", "{D4318AFD-033C-46FC-9DD2-9FC57934CD2F}"
EndProject
Project("{9A19103F-16F7-4668-BE54-9A1E7A4F7556}") = "Our.Umbraco.DocTypeGridEditor9.Testsite", "Our.Umbraco.DocTypeGridEditor9.Testsite\Our.Umbraco.DocTypeGridEditor9.Testsite.csproj", "{D510AF65-1DCB-4A60-99DE-DA1D3B6E1AC7}"
EndProject
Global
	GlobalSection(SolutionConfigurationPlatforms) = preSolution
		Debug|Any CPU = Debug|Any CPU
		Release|Any CPU = Release|Any CPU
	EndGlobalSection
	GlobalSection(ProjectConfigurationPlatforms) = postSolution
		{D4318AFD-033C-46FC-9DD2-9FC57934CD2F}.Debug|Any CPU.ActiveCfg = Debug|Any CPU
		{D4318AFD-033C-46FC-9DD2-9FC57934CD2F}.Debug|Any CPU.Build.0 = Debug|Any CPU
		{D4318AFD-033C-46FC-9DD2-9FC57934CD2F}.Release|Any CPU.ActiveCfg = Release|Any CPU
		{D4318AFD-033C-46FC-9DD2-9FC57934CD2F}.Release|Any CPU.Build.0 = Release|Any CPU
		{D510AF65-1DCB-4A60-99DE-DA1D3B6E1AC7}.Debug|Any CPU.ActiveCfg = Debug|Any CPU
		{D510AF65-1DCB-4A60-99DE-DA1D3B6E1AC7}.Debug|Any CPU.Build.0 = Debug|Any CPU
		{D510AF65-1DCB-4A60-99DE-DA1D3B6E1AC7}.Release|Any CPU.ActiveCfg = Release|Any CPU
		{D510AF65-1DCB-4A60-99DE-DA1D3B6E1AC7}.Release|Any CPU.Build.0 = Release|Any CPU
	EndGlobalSection
	GlobalSection(SolutionProperties) = preSolution
		HideSolutionNode = FALSE
	EndGlobalSection
	GlobalSection(ExtensibilityGlobals) = postSolution
		SolutionGuid = {66EC167C-845A-4DCC-87B7-C7DB5CC1E38B}
	EndGlobalSection
EndGlobal
