
Microsoft Visual Studio Solution File, Format Version 12.00
# Visual Studio Version 16
VisualStudioVersion = 16.0.30503.244
MinimumVisualStudioVersion = 10.0.40219.1
Project("{FAE04EC0-301F-11D3-BF4B-00C04F79EFBC}") = "Our.Umbraco.DocTypeGridEditor", "Our.Umbraco.DocTypeGridEditor\Our.Umbraco.DocTypeGridEditor.csproj", "{4BD1DB40-1B39-4966-8740-D6A39D658598}"
EndProject
Project("{2150E333-8FDC-42A3-9474-1A3956D46DE8}") = "Build Package", "Build Package", "{42CE1449-272B-453B-B162-4558FD38BF41}"
	ProjectSection(SolutionItems) = preProject
		..\appveyor.yml = ..\appveyor.yml
		..\build-appveyor.cmd = ..\build-appveyor.cmd
		..\build.cmd = ..\build.cmd
		..\build\install.ps1 = ..\build\install.ps1
		..\build\package.nuspec = ..\build\package.nuspec
		..\build\package.proj = ..\build\package.proj
		..\build\package.xml = ..\build\package.xml
		..\build\readme.txt = ..\build\readme.txt
	EndProjectSection
EndProject
Project("{2150E333-8FDC-42A3-9474-1A3956D46DE8}") = "Solution Items", "Solution Items", "{8412A31B-D80C-42DE-9589-4BD08F43F86B}"
	ProjectSection(SolutionItems) = preProject
		..\CHANGELOG.md = ..\CHANGELOG.md
		..\CONTRIBUTING.md = ..\CONTRIBUTING.md
		..\LICENSE.md = ..\LICENSE.md
		..\README.md = ..\README.md
	EndProjectSection
EndProject
Project("{2150E333-8FDC-42A3-9474-1A3956D46DE8}") = "Documentation", "Documentation", "{29E2BB68-801F-456D-B691-4E93F884FCD5}"
	ProjectSection(SolutionItems) = preProject
		..\docs\developers-guide.md = ..\docs\developers-guide.md
	EndProjectSection
EndProject
Global
	GlobalSection(SolutionConfigurationPlatforms) = preSolution
		Debug|Any CPU = Debug|Any CPU
		Release|Any CPU = Release|Any CPU
	EndGlobalSection
	GlobalSection(ProjectConfigurationPlatforms) = postSolution
		{4BD1DB40-1B39-4966-8740-D6A39D658598}.Debug|Any CPU.ActiveCfg = Debug|Any CPU
		{4BD1DB40-1B39-4966-8740-D6A39D658598}.Debug|Any CPU.Build.0 = Debug|Any CPU
		{4BD1DB40-1B39-4966-8740-D6A39D658598}.Release|Any CPU.ActiveCfg = Release|Any CPU
		{4BD1DB40-1B39-4966-8740-D6A39D658598}.Release|Any CPU.Build.0 = Release|Any CPU
	EndGlobalSection
	GlobalSection(SolutionProperties) = preSolution
		HideSolutionNode = FALSE
	EndGlobalSection
	GlobalSection(NestedProjects) = preSolution
		{42CE1449-272B-453B-B162-4558FD38BF41} = {8412A31B-D80C-42DE-9589-4BD08F43F86B}
		{29E2BB68-801F-456D-B691-4E93F884FCD5} = {8412A31B-D80C-42DE-9589-4BD08F43F86B}
	EndGlobalSection
	GlobalSection(ExtensibilityGlobals) = postSolution
		SolutionGuid = {03435AB1-C9D8-46BD-9C91-2D4FCF44D57E}
	EndGlobalSection
EndGlobal
